
Microsoft Visual Studio Solution File, Format Version 12.00
# Visual Studio Version 16
VisualStudioVersion = 16.0.31515.178
MinimumVisualStudioVersion = 10.0.40219.1
Project("{FAE04EC0-301F-11D3-BF4B-00C04F79EFBC}") = "PaginaWeb1_grupo4", "PaginaWeb1_grupo4.csproj", "{1D084C72-B537-4FD8-AF93-C74F66F498B5}"
EndProject
Global
	GlobalSection(SolutionConfigurationPlatforms) = preSolution
		Debug|Any CPU = Debug|Any CPU
		Release|Any CPU = Release|Any CPU
	EndGlobalSection
	GlobalSection(ProjectConfigurationPlatforms) = postSolution
		{1D084C72-B537-4FD8-AF93-C74F66F498B5}.Debug|Any CPU.ActiveCfg = Debug|Any CPU
		{1D084C72-B537-4FD8-AF93-C74F66F498B5}.Debug|Any CPU.Build.0 = Debug|Any CPU
		{1D084C72-B537-4FD8-AF93-C74F66F498B5}.Release|Any CPU.ActiveCfg = Release|Any CPU
		{1D084C72-B537-4FD8-AF93-C74F66F498B5}.Release|Any CPU.Build.0 = Release|Any CPU
	EndGlobalSection
	GlobalSection(SolutionProperties) = preSolution
		HideSolutionNode = FALSE
	EndGlobalSection
	GlobalSection(ExtensibilityGlobals) = postSolution
		SolutionGuid = {B43C99EA-9B15-4062-B402-7F6BB99B2D4F}
	EndGlobalSection
EndGlobal
